{
  "pins" : [
    {
      "identity" : "highlightr",
      "kind" : "remoteSourceControl",
      "location" : "https://github.com/raspu/Highlightr.git",
      "state" : {
        "revision" : "93199b9e434f04bda956a613af8f571933f9f037",
        "version" : "2.1.2"
      }
    },
    {
      "identity" : "openaiswift",
      "kind" : "remoteSourceControl",
      "location" : "https://github.com/adamrushy/OpenAISwift.git",
      "state" : {
        "branch" : "main",
        "revision" : "6b91a1294717559611039ccd32ddf7830d633e16"
      }
    }
  ],
  "version" : 2
}
